PODS:
  - Bolts (1.5.1):
    - Bolts/AppLinks (= 1.5.1)
    - Bolts/Tasks (= 1.5.1)
  - Bolts/AppLinks (1.5.1):
    - Bolts/Tasks
  - Bolts/Tasks (1.5.1)
  - FBSDKCoreKit (4.8.0):
    - Bolts (~> 1.1)
    - FBSDKCoreKit/arc (= 4.8.0)
    - FBSDKCoreKit/no-arc (= 4.8.0)
  - FBSDKCoreKit/arc (4.8.0):
    - Bolts (~> 1.1)
  - FBSDKCoreKit/no-arc (4.8.0):
    - Bolts (~> 1.1)
    - FBSDKCoreKit/arc
  - FBSDKLoginKit (4.8.0):
    - FBSDKCoreKit

DEPENDENCIES:
  - FBSDKCoreKit (~> 4.8.0)
  - FBSDKLoginKit (~> 4.8.0)

SPEC CHECKSUMS:
  Bolts: a12663244b1d3351c738882e71902fc74db54f64
  FBSDKCoreKit: 66a935d17b6e00b6b64e604f2eb9b72c9ab7deb8
  FBSDKLoginKit: d893fcbb98d854496925e9ff73c67b896982d3c4

COCOAPODS: 0.39.0
